
Microsoft Visual Studio Solution File, Format Version 12.00
# Visual Studio Version 17
VisualStudioVersion = 17.13.35931.197
MinimumVisualStudioVersion = 10.0.40219.1
Project("{FAE04EC0-301F-11D3-BF4B-00C04F79EFBC}") = "HorrorSpawn", "HorrorSpawn.csproj", "{54E7539E-1212-4A2D-BF28-E43EFB0041A8}"
EndProject
Global
	GlobalSection(SolutionConfigurationPlatforms) = preSolution
		Debug|Any CPU = Debug|Any CPU
		Release|Any CPU = Release|Any CPU
	EndGlobalSection
	GlobalSection(ProjectConfigurationPlatforms) = postSolution
		{54E7539E-1212-4A2D-BF28-E43EFB0041A8}.Debug|Any CPU.ActiveCfg = Debug|Any CPU
		{54E7539E-1212-4A2D-BF28-E43EFB0041A8}.Debug|Any CPU.Build.0 = Debug|Any CPU
		{54E7539E-1212-4A2D-BF28-E43EFB0041A8}.Release|Any CPU.ActiveCfg = Release|Any CPU
		{54E7539E-1212-4A2D-BF28-E43EFB0041A8}.Release|Any CPU.Build.0 = Release|Any CPU
	EndGlobalSection
	GlobalSection(SolutionProperties) = preSolution
		HideSolutionNode = FALSE
	EndGlobalSection
	GlobalSection(ExtensibilityGlobals) = postSolution
		SolutionGuid = {B2BDA52F-F9AD-484D-B6F8-1BD6721791CD}
	EndGlobalSection
EndGlobal
